
Microsoft Visual Studio Solution File, Format Version 12.00
# Visual Studio 15
VisualStudioVersion = 15.0.27130.2027
MinimumVisualStudioVersion = 10.0.40219.1
Project("{FAE04EC0-301F-11D3-BF4B-00C04F79EFBC}") = "SpecflowTipsAndTricks", "SpecflowTipsAndTricks\SpecflowTipsAndTricks.csproj", "{DE48CC0F-E22A-4527-B911-B91C5C4E8A4C}"
EndProject
Project("{FAE04EC0-301F-11D3-BF4B-00C04F79EFBC}") = "Foo.Common.Specs", "Foo.Common.Specs\Foo.Common.Specs.csproj", "{3BB6307B-8ED8-4837-8A0D-1A6828F10931}"
EndProject
Global
	GlobalSection(SolutionConfigurationPlatforms) = preSolution
		Debug|Any CPU = Debug|Any CPU
		Release|Any CPU = Release|Any CPU
	EndGlobalSection
	GlobalSection(ProjectConfigurationPlatforms) = postSolution
		{DE48CC0F-E22A-4527-B911-B91C5C4E8A4C}.Debug|Any CPU.ActiveCfg = Debug|Any CPU
		{DE48CC0F-E22A-4527-B911-B91C5C4E8A4C}.Debug|Any CPU.Build.0 = Debug|Any CPU
		{DE48CC0F-E22A-4527-B911-B91C5C4E8A4C}.Release|Any CPU.ActiveCfg = Release|Any CPU
		{DE48CC0F-E22A-4527-B911-B91C5C4E8A4C}.Release|Any CPU.Build.0 = Release|Any CPU
		{3BB6307B-8ED8-4837-8A0D-1A6828F10931}.Debug|Any CPU.ActiveCfg = Debug|Any CPU
		{3BB6307B-8ED8-4837-8A0D-1A6828F10931}.Debug|Any CPU.Build.0 = Debug|Any CPU
		{3BB6307B-8ED8-4837-8A0D-1A6828F10931}.Release|Any CPU.ActiveCfg = Release|Any CPU
		{3BB6307B-8ED8-4837-8A0D-1A6828F10931}.Release|Any CPU.Build.0 = Release|Any CPU
	EndGlobalSection
	GlobalSection(SolutionProperties) = preSolution
		HideSolutionNode = FALSE
	EndGlobalSection
	GlobalSection(ExtensibilityGlobals) = postSolution
		SolutionGuid = {E1E17ECD-AEAD-474F-A05E-FCC325EC3304}
	EndGlobalSection
EndGlobal
